
Microsoft Visual Studio Solution File, Format Version 12.00
# Visual Studio Version 16
VisualStudioVersion = 16.0.30717.126
MinimumVisualStudioVersion = 10.0.40219.1
Project("{FAE04EC0-301F-11D3-BF4B-00C04F79EFBC}") = "WindowsServiceWorker", "WindowsServiceWorker\WindowsServiceWorker.csproj", "{F5593CC8-7BFF-467F-89FA-00013A44287B}"
EndProject
Global
	GlobalSection(SolutionConfigurationPlatforms) = preSolution
		Debug|Any CPU = Debug|Any CPU
		Release|Any CPU = Release|Any CPU
	EndGlobalSection
	GlobalSection(ProjectConfigurationPlatforms) = postSolution
		{F5593CC8-7BFF-467F-89FA-00013A44287B}.Debug|Any CPU.ActiveCfg = Debug|Any CPU
		{F5593CC8-7BFF-467F-89FA-00013A44287B}.Debug|Any CPU.Build.0 = Debug|Any CPU
		{F5593CC8-7BFF-467F-89FA-00013A44287B}.Release|Any CPU.ActiveCfg = Release|Any CPU
		{F5593CC8-7BFF-467F-89FA-00013A44287B}.Release|Any CPU.Build.0 = Release|Any CPU
	EndGlobalSection
	GlobalSection(SolutionProperties) = preSolution
		HideSolutionNode = FALSE
	EndGlobalSection
	GlobalSection(ExtensibilityGlobals) = postSolution
		SolutionGuid = {7ACEB7F9-8F6B-498A-965D-C8652DE297CA}
	EndGlobalSection
EndGlobal
